
Microsoft Visual Studio Solution File, Format Version 12.00
# Visual Studio Version 17
VisualStudioVersion = 17.2.32616.157
MinimumVisualStudioVersion = 10.0.40219.1
Project("{FAE04EC0-301F-11D3-BF4B-00C04F79EFBC}") = "MethodsExercise1", "MethodsExercise1\MethodsExercise1.csproj", "{D1153262-EF8B-42AD-A624-9F94CFEC2479}"
EndProject
Global
	GlobalSection(SolutionConfigurationPlatforms) = preSolution
		Debug|Any CPU = Debug|Any CPU
		Release|Any CPU = Release|Any CPU
	EndGlobalSection
	GlobalSection(ProjectConfigurationPlatforms) = postSolution
		{D1153262-EF8B-42AD-A624-9F94CFEC2479}.Debug|Any CPU.ActiveCfg = Debug|Any CPU
		{D1153262-EF8B-42AD-A624-9F94CFEC2479}.Debug|Any CPU.Build.0 = Debug|Any CPU
		{D1153262-EF8B-42AD-A624-9F94CFEC2479}.Release|Any CPU.ActiveCfg = Release|Any CPU
		{D1153262-EF8B-42AD-A624-9F94CFEC2479}.Release|Any CPU.Build.0 = Release|Any CPU
	EndGlobalSection
	GlobalSection(SolutionProperties) = preSolution
		HideSolutionNode = FALSE
	EndGlobalSection
	GlobalSection(ExtensibilityGlobals) = postSolution
		SolutionGuid = {8BB9E821-1CDA-48B8-A746-93A5774095C6}
	EndGlobalSection
EndGlobal
